
Microsoft Visual Studio Solution File, Format Version 12.00
# Visual Studio Version 16
VisualStudioVersion = 16.0.30011.22
MinimumVisualStudioVersion = 10.0.40219.1
Project("{FAE04EC0-301F-11D3-BF4B-00C04F79EFBC}") = "WebAppGiamSatMoiTruong", "WebAppGiamSatMoiTruong.csproj", "{5572809E-15E0-402D-8989-C37249E3E43E}"
EndProject
Global
	GlobalSection(SolutionConfigurationPlatforms) = preSolution
		Debug|Any CPU = Debug|Any CPU
		Release|Any CPU = Release|Any CPU
	EndGlobalSection
	GlobalSection(ProjectConfigurationPlatforms) = postSolution
		{5572809E-15E0-402D-8989-C37249E3E43E}.Debug|Any CPU.ActiveCfg = Debug|Any CPU
		{5572809E-15E0-402D-8989-C37249E3E43E}.Debug|Any CPU.Build.0 = Debug|Any CPU
		{5572809E-15E0-402D-8989-C37249E3E43E}.Release|Any CPU.ActiveCfg = Release|Any CPU
		{5572809E-15E0-402D-8989-C37249E3E43E}.Release|Any CPU.Build.0 = Release|Any CPU
	EndGlobalSection
	GlobalSection(SolutionProperties) = preSolution
		HideSolutionNode = FALSE
	EndGlobalSection
	GlobalSection(ExtensibilityGlobals) = postSolution
		SolutionGuid = {65AB775A-9DFE-4B89-880A-99697CC92650}
	EndGlobalSection
EndGlobal
